// !$*UTF8*$!
{
	archiveVersion = 1;
	classes = {
	};
	objectVersion = 46;
	objects = {

/* Begin PBXBuildFile section */
		1F4054891A61F807006EBC01 /* AppDelegate.swift in Sources */ = {isa = PBXBuildFile; fileRef = 1F4054881A61F807006EBC01 /* AppDelegate.swift */; };
		1F40548B1A61F807006EBC01 /* ViewController.swift in Sources */ = {isa = PBXBuildFile; fileRef = 1F40548A1A61F807006EBC01 /* ViewController.swift */; };
		1F40548E1A61F807006EBC01 /* Main.storyboard in Resources */ = {isa = PBXBuildFile; fileRef = 1F40548C1A61F807006EBC01 /* Main.storyboard */; };
		1F4054901A61F807006EBC01 /* Images.xcassets in Resources */ = {isa = PBXBuildFile; fileRef = 1F40548F1A61F807006EBC01 /* Images.xcassets */; };
		1F4054931A61F807006EBC01 /* LaunchScreen.xib in Resources */ = {isa = PBXBuildFile; fileRef = 1F4054911A61F807006EBC01 /* LaunchScreen.xib */; };
		1F40549F1A61F807006EBC01 /* MemoryDemoTests.swift in Sources */ = {isa = PBXBuildFile; fileRef = 1F40549E1A61F807006EBC01 /* MemoryDemoTests.swift */; };
/* End PBXBuildFile section */

/* Begin PBXContainerItemProxy section */
		1F4054991A61F807006EBC01 /* PBXContainerItemProxy */ = {
			isa = PBXContainerItemProxy;
			containerPortal = 1F40547B1A61F807006EBC01 /* Project object */;
			proxyType = 1;
			remoteGlobalIDString = 1F4054821A61F807006EBC01;
			remoteInfo = MemoryDemo;
		};
/* End PBXContainerItemProxy section */

/* Begin PBXFileReference section */
		1F4054831A61F807006EBC01 /* MemoryDemo.app */ = {isa = PBXFileReference; explicitFileType = wrapper.application; includeInIndex = 0; path = MemoryDemo.app; sourceTree = BUILT_PRODUCTS_DIR; };
		1F4054871A61F807006EBC01 /* Info.plist */ = {isa = PBXFileReference; lastKnownFileType = text.plist.xml; path = Info.plist; sourceTree = "<group>"; };
		1F4054881A61F807006EBC01 /* AppDelegate.swift */ = {isa = PBXFileReference; lastKnownFileType = sourcecode.swift; path = AppDelegate.swift; sourceTree = "<group>"; };
		1F40548A1A61F807006EBC01 /* ViewController.swift */ = {isa = PBXFileReference; lastKnownFileType = sourcecode.swift; path = ViewController.swift; sourceTree = "<group>"; };
		1F40548D1A61F807006EBC01 /* Base */ = {isa = PBXFileReference; lastKnownFileType = file.storyboard; name = Base; path = Base.lproj/Main.storyboard; sourceTree = "<group>"; };
		1F40548F1A61F807006EBC01 /* Images.xcassets */ = {isa = PBXFileReference; lastKnownFileType = folder.assetcatalog; path = Images.xcassets; sourceTree = "<group>"; };
		1F4054921A61F807006EBC01 /* Base */ = {isa = PBXFileReference; lastKnownFileType = file.xib; name = Base; path = Base.lproj/LaunchScreen.xib; sourceTree = "<group>"; };
		1F4054981A61F807006EBC01 /* MemoryDemoTests.xctest */ = {isa = PBXFileReference; explicitFileType = wrapper.cfbundle; includeInIndex = 0; path = MemoryDemoTests.xctest; sourceTree = BUILT_PRODUCTS_DIR; };
		1F40549D1A61F807006EBC01 /* Info.plist */ = {isa = PBXFileReference; lastKnownFileType = text.plist.xml; path = Info.plist; sourceTree = "<group>"; };
		1F40549E1A61F807006EBC01 /* MemoryDemoTests.swift */ = {isa = PBXFileReference; lastKnownFileType = sourcecode.swift; path = MemoryDemoTests.swift; sourceTree = "<group>"; };
/* End PBXFileReference section */

/* Begin PBXFrameworksBuildPhase section */
		1F4054801A61F807006EBC01 /* Frameworks */ = {
			isa = PBXFrameworksBuildPhase;
			buildActionMask = 2147483647;
			files = (
			);
			runOnlyForDeploymentPostprocessing = 0;
		};
		1F4054951A61F807006EBC01 /* Frameworks */ = {
			isa = PBXFrameworksBuildPhase;
			buildActionMask = 2147483647;
			files = (
			);
			runOnlyForDeploymentPostprocessing = 0;
		};
/* End PBXFrameworksBuildPhase section */

/* Begin PBXGroup section */
		1F40547A1A61F807006EBC01 = {
			isa = PBXGroup;
			children = (
				1F4054851A61F807006EBC01 /* MemoryDemo */,
				1F40549B1A61F807006EBC01 /* MemoryDemoTests */,
				1F4054841A61F807006EBC01 /* Products */,
			);
			sourceTree = "<group>";
		};
		1F4054841A61F807006EBC01 /* Products */ = {
			isa = PBXGroup;
			children = (
				1F4054831A61F807006EBC01 /* MemoryDemo.app */,
				1F4054981A61F807006EBC01 /* MemoryDemoTests.xctest */,
			);
			name = Products;
			sourceTree = "<group>";
		};
		1F4054851A61F807006EBC01 /* MemoryDemo */ = {
			isa = PBXGroup;
			children = (
				1F4054881A61F807006EBC01 /* AppDelegate.swift */,
				1F40548A1A61F807006EBC01 /* ViewController.swift */,
				1F40548C1A61F807006EBC01 /* Main.storyboard */,
				1F40548F1A61F807006EBC01 /* Images.xcassets */,
				1F4054911A61F807006EBC01 /* LaunchScreen.xib */,
				1F4054861A61F807006EBC01 /* Supporting Files */,
			);
			path = MemoryDemo;
			sourceTree = "<group>";
		};
		1F4054861A61F807006EBC01 /* Supporting Files */ = {
			isa = PBXGroup;
			children = (
				1F4054871A61F807006EBC01 /* Info.plist */,
			);
			name = "Supporting Files";
			sourceTree = "<group>";
		};
		1F40549B1A61F807006EBC01 /* MemoryDemoTests */ = {
			isa = PBXGroup;
			children = (
				1F40549E1A61F807006EBC01 /* MemoryDemoTests.swift */,
				1F40549C1A61F807006EBC01 /* Supporting Files */,
			);
			path = MemoryDemoTests;
			sourceTree = "<group>";
		};
		1F40549C1A61F807006EBC01 /* Supporting Files */ = {
			isa = PBXGroup;
			children = (
				1F40549D1A61F807006EBC01 /* Info.plist */,
			);
			name = "Supporting Files";
			sourceTree = "<group>";
		};
/* End PBXGroup section */

/* Begin PBXNativeTarget section */
		1F4054821A61F807006EBC01 /* MemoryDemo */ = {
			isa = PBXNativeTarget;
			buildConfigurationList = 1F4054A21A61F807006EBC01 /* Build configuration list for PBXNativeTarget "MemoryDemo" */;
			buildPhases = (
				1F40547F1A61F807006EBC01 /* Sources */,
				1F4054801A61F807006EBC01 /* Frameworks */,
				1F4054811A61F807006EBC01 /* Resources */,
			);
			buildRules = (
			);
			dependencies = (
			);
			name = MemoryDemo;
			productName = MemoryDemo;
			productReference = 1F4054831A61F807006EBC01 /* MemoryDemo.app */;
			productType = "com.apple.product-type.application";
		};
		1F4054971A61F807006EBC01 /* MemoryDemoTests */ = {
			isa = PBXNativeTarget;
			buildConfigurationList = 1F4054A51A61F807006EBC01 /* Build configuration list for PBXNativeTarget "MemoryDemoTests" */;
			buildPhases = (
				1F4054941A61F807006EBC01 /* Sources */,
				1F4054951A61F807006EBC01 /* Frameworks */,
				1F4054961A61F807006EBC01 /* Resources */,
			);
			buildRules = (
			);
			dependencies = (
				1F40549A1A61F807006EBC01 /* PBXTargetDependency */,
			);
			name = MemoryDemoTests;
			productName = MemoryDemoTests;
			productReference = 1F4054981A61F807006EBC01 /* MemoryDemoTests.xctest */;
			productType = "com.apple.product-type.bundle.unit-test";
		};
/* End PBXNativeTarget section */

/* Begin PBXProject section */
		1F40547B1A61F807006EBC01 /* Project object */ = {
			isa = PBXProject;
			attributes = {
				LastUpgradeCheck = 0610;
				ORGANIZATIONNAME = "Joefrey Kibuule";
				TargetAttributes = {
					1F4054821A61F807006EBC01 = {
						CreatedOnToolsVersion = 6.1.1;
					};
					1F4054971A61F807006EBC01 = {
						CreatedOnToolsVersion = 6.1.1;
						TestTargetID = 1F4054821A61F807006EBC01;
					};
				};
			};
			buildConfigurationList = 1F40547E1A61F807006EBC01 /* Build configuration list for PBXProject "MemoryDemo" */;
			compatibilityVersion = "Xcode 3.2";
			developmentRegion = English;
			hasScannedForEncodings = 0;
			knownRegions = (
				en,
				Base,
			);
			mainGroup = 1F40547A1A61F807006EBC01;
			productRefGroup = 1F4054841A61F807006EBC01 /* Products */;
			projectDirPath = "";
			projectRoot = "";
			targets = (
				1F4054821A61F807006EBC01 /* MemoryDemo */,
				1F4054971A61F807006EBC01 /* MemoryDemoTests */,
			);
		};
/* End PBXProject section */

/* Begin PBXResourcesBuildPhase section */
		1F4054811A61F807006EBC01 /* Resources */ = {
			isa = PBXResourcesBuildPhase;
			buildActionMask = 2147483647;
			files = (
				1F40548E1A61F807006EBC01 /* Main.storyboard in Resources */,
				1F4054931A61F807006EBC01 /* LaunchScreen.xib in Resources */,
				1F4054901A61F807006EBC01 /* Images.xcassets in Resources */,
			);
			runOnlyForDeploymentPostprocessing = 0;
		};
		1F4054961A61F807006EBC01 /* Resources */ = {
			isa = PBXResourcesBuildPhase;
			buildActionMask = 2147483647;
			files = (
			);
			runOnlyForDeploymentPostprocessing = 0;
		};
/* End PBXResourcesBuildPhase section */

/* Begin PBXSourcesBuildPhase section */
		1F40547F1A61F807006EBC01 /* Sources */ = {
			isa = PBXSourcesBuildPhase;
			buildActionMask = 2147483647;
			files = (
				1F40548B1A61F807006EBC01 /* ViewController.swift in Sources */,
				1F4054891A61F807006EBC01 /* AppDelegate.swift in Sources */,
			);
			runOnlyForDeploymentPostprocessing = 0;
		};
		1F4054941A61F807006EBC01 /* Sources */ = {
			isa = PBXSourcesBuildPhase;
			buildActionMask = 2147483647;
			files = (
				1F40549F1A61F807006EBC01 /* MemoryDemoTests.swift in Sources */,
			);
			runOnlyForDeploymentPostprocessing = 0;
		};
/* End PBXSourcesBuildPhase section */

/* Begin PBXTargetDependency section */
		1F40549A1A61F807006EBC01 /* PBXTargetDependency */ = {
			isa = PBXTargetDependency;
			target = 1F4054821A61F807006EBC01 /* MemoryDemo */;
			targetProxy = 1F4054991A61F807006EBC01 /* PBXContainerItemProxy */;
		};
/* End PBXTargetDependency section */

/* Begin PBXVariantGroup section */
		1F40548C1A61F807006EBC01 /* Main.storyboard */ = {
			isa = PBXVariantGroup;
			children = (
				1F40548D1A61F807006EBC01 /* Base */,
			);
			name = Main.storyboard;
			sourceTree = "<group>";
		};
		1F4054911A61F807006EBC01 /* LaunchScreen.xib */ = {
			isa = PBXVariantGroup;
			children = (
				1F4054921A61F807006EBC01 /* Base */,
			);
			name = LaunchScreen.xib;
			sourceTree = "<group>";
		};
/* End PBXVariantGroup section */

/* Begin XCBuildConfiguration section */
		1F4054A01A61F807006EBC01 /* Debug */ = {
			isa = XCBuildConfiguration;
			buildSettings = {
				ALWAYS_SEARCH_USER_PATHS = NO;
				CLANG_CXX_LANGUAGE_STANDARD = "gnu++0x";
				CLANG_CXX_LIBRARY = "libc++";
				CLANG_ENABLE_MODULES = YES;
				CLANG_ENABLE_OBJC_ARC = YES;
				CLANG_WARN_BOOL_CONVERSION = YES;
				CLANG_WARN_CONSTANT_CONVERSION = YES;
				CLANG_WARN_DIRECT_OBJC_ISA_USAGE = YES_ERROR;
				CLANG_WARN_EMPTY_BODY = YES;
				CLANG_WARN_ENUM_CONVERSION = YES;
				CLANG_WARN_INT_CONVERSION = YES;
				CLANG_WARN_OBJC_ROOT_CLASS = YES_ERROR;
				CLANG_WARN_UNREACHABLE_CODE = YES;
				CLANG_WARN__DUPLICATE_METHOD_MATCH = YES;
				"CODE_SIGN_IDENTITY[sdk=iphoneos*]" = "iPhone Developer";
				COPY_PHASE_STRIP = NO;
				ENABLE_STRICT_OBJC_MSGSEND = YES;
				GCC_C_LANGUAGE_STANDARD = gnu99;
				GCC_DYNAMIC_NO_PIC = NO;
				GCC_OPTIMIZATION_LEVEL = 0;
				GCC_PREPROCESSOR_DEFINITIONS = (
					"DEBUG=1",
					"$(inherited)",
				);
				GCC_SYMBOLS_PRIVATE_EXTERN = NO;
				GCC_WARN_64_TO_32_BIT_CONVERSION = YES;
				GCC_WARN_ABOUT_RETURN_TYPE = YES_ERROR;
				GCC_WARN_UNDECLARED_SELECTOR = YES;
				GCC_WARN_UNINITIALIZED_AUTOS = YES_AGGRESSIVE;
				GCC_WARN_UNUSED_FUNCTION = YES;
				GCC_WARN_UNUSED_VARIABLE = YES;
				IPHONEOS_DEPLOYMENT_TARGET = 8.1;
				MTL_ENABLE_DEBUG_INFO = YES;
				ONLY_ACTIVE_ARCH = YES;
				SDKROOT = iphoneos;
				SWIFT_OPTIMIZATION_LEVEL = "-Onone";
			};
			name = Debug;
		};
		1F4054A11A61F807006EBC01 /* Release */ = {
			isa = XCBuildConfiguration;
			buildSettings = {
				ALWAYS_SEARCH_USER_PATHS = NO;
				CLANG_CXX_LANGUAGE_STANDARD = "gnu++0x";
				CLANG_CXX_LIBRARY = "libc++";
				CLANG_ENABLE_MODULES = YES;
				CLANG_ENABLE_OBJC_ARC = YES;
				CLANG_WARN_BOOL_CONVERSION = YES;
				CLANG_WARN_CONSTANT_CONVERSION = YES;
				CLANG_WARN_DIRECT_OBJC_ISA_USAGE = YES_ERROR;
				CLANG_WARN_EMPTY_BODY = YES;
				CLANG_WARN_ENUM_CONVERSION = YES;
				CLANG_WARN_INT_CONVERSION = YES;
				CLANG_WARN_OBJC_ROOT_CLASS = YES_ERROR;
				CLANG_WARN_UNREACHABLE_CODE = YES;
				CLANG_WARN__DUPLICATE_METHOD_MATCH = YES;
				"CODE_SIGN_IDENTITY[sdk=iphoneos*]" = "iPhone Developer";
				COPY_PHASE_STRIP = YES;
				ENABLE_NS_ASSERTIONS = NO;
				ENABLE_STRICT_OBJC_MSGSEND = YES;
				GCC_C_LANGUAGE_STANDARD = gnu99;
				GCC_WARN_64_TO_32_BIT_CONVERSION = YES;
				GCC_WARN_ABOUT_RETURN_TYPE = YES_ERROR;
				GCC_WARN_UNDECLARED_SELECTOR = YES;
				GCC_WARN_UNINITIALIZED_AUTOS = YES_AGGRESSIVE;
				GCC_WARN_UNUSED_FUNCTION = YES;
				GCC_WARN_UNUSED_VARIABLE = YES;
				IPHONEOS_DEPLOYMENT_TARGET = 8.1;
				MTL_ENABLE_DEBUG_INFO = NO;
				SDKROOT = iphoneos;
				VALIDATE_PRODUCT = YES;
			};
			name = Release;
		};
		1F4054A31A61F807006EBC01 /* Debug */ = {
			isa = XCBuildConfiguration;
			buildSettings = {
				ASSETCATALOG_COMPILER_APPICON_NAME = AppIcon;
				CODE_SIGN_IDENTITY = "iPhone Developer";
				INFOPLIST_FILE = MemoryDemo/Info.plist;
				LD_RUNPATH_SEARCH_PATHS = "$(inherited) @executable_path/Frameworks";
				PRODUCT_NAME = "$(TARGET_NAME)";
			};
			name = Debug;
		};
		1F4054A41A61F807006EBC01 /* Release */ = {
			isa = XCBuildConfiguration;
			buildSettings = {
				ASSETCATALOG_COMPILER_APPICON_NAME = AppIcon;
				CODE_SIGN_IDENTITY = "iPhone Developer";
				INFOPLIST_FILE = MemoryDemo/Info.plist;
				LD_RUNPATH_SEARCH_PATHS = "$(inherited) @executable_path/Frameworks";
				PRODUCT_NAME = "$(TARGET_NAME)";
			};
			name = Release;
		};
		1F4054A61A61F807006EBC01 /* Debug */ = {
			isa = XCBuildConfiguration;
			buildSettings = {
				BUNDLE_LOADER = "$(TEST_HOST)";
				FRAMEWORK_SEARCH_PATHS = (
					"$(SDKROOT)/Developer/Library/Frameworks",
					"$(inherited)",
				);
				GCC_PREPROCESSOR_DEFINITIONS = (
					"DEBUG=1",
					"$(inherited)",
				);
				INFOPLIST_FILE = MemoryDemoTests/Info.plist;
				LD_RUNPATH_SEARCH_PATHS = "$(inherited) @executable_path/Frameworks @loader_path/Frameworks";
				PRODUCT_NAME = "$(TARGET_NAME)";
				TEST_HOST = "$(BUILT_PRODUCTS_DIR)/MemoryDemo.app/MemoryDemo";
			};
			name = Debug;
		};
		1F4054A71A61F807006EBC01 /* Release */ = {
			isa = XCBuildConfiguration;
			buildSettings = {
				BUNDLE_LOADER = "$(TEST_HOST)";
				FRAMEWORK_SEARCH_PATHS = (
					"$(SDKROOT)/Developer/Library/Frameworks",
					"$(inherited)",
				);
				INFOPLIST_FILE = MemoryDemoTests/Info.plist;
				LD_RUNPATH_SEARCH_PATHS = "$(inherited) @executable_path/Frameworks @loader_path/Frameworks";
				PRODUCT_NAME = "$(TARGET_NAME)";
				TEST_HOST = "$(BUILT_PRODUCTS_DIR)/MemoryDemo.app/MemoryDemo";
			};
			name = Release;
		};
/* End XCBuildConfiguration section */

/* Begin XCConfigurationList section */
		1F40547E1A61F807006EBC01 /* Build configuration list for PBXProject "MemoryDemo" */ = {
			isa = XCConfigurationList;
			buildConfigurations = (
				1F4054A01A61F807006EBC01 /* Debug */,
				1F4054A11A61F807006EBC01 /* Release */,
			);
			defaultConfigurationIsVisible = 0;
			defaultConfigurationName = Release;
		};
		1F4054A21A61F807006EBC01 /* Build configuration list for PBXNativeTarget "MemoryDemo" */ = {
			isa = XCConfigurationList;
			buildConfigurations = (
				1F4054A31A61F807006EBC01 /* Debug */,
				1F4054A41A61F807006EBC01 /* Release */,
			);
			defaultConfigurationIsVisible = 0;
		};
		1F4054A51A61F807006EBC01 /* Build configuration list for PBXNativeTarget "MemoryDemoTests" */ = {
			isa = XCConfigurationList;
			buildConfigurations = (
				1F4054A61A61F807006EBC01 /* Debug */,
				1F4054A71A61F807006EBC01 /* Release */,
			);
			defaultConfigurationIsVisible = 0;
		};
/* End XCConfigurationList section */
	};
	rootObject = 1F40547B1A61F807006EBC01 /* Project object */;
}
